
Microsoft Visual Studio Solution File, Format Version 12.00
# Visual Studio Version 17
VisualStudioVersion = 17.8.34322.80
MinimumVisualStudioVersion = 10.0.40219.1
Project("{FAE04EC0-301F-11D3-BF4B-00C04F79EFBC}") = "WindowsFormsApp3", "WindowsFormsApp3\WindowsFormsApp3.csproj", "{A6661E37-2303-470A-954F-A56303786FEA}"
EndProject
Global
	GlobalSection(SolutionConfigurationPlatforms) = preSolution
		Debug|Any CPU = Debug|Any CPU
		Release|Any CPU = Release|Any CPU
	EndGlobalSection
	GlobalSection(ProjectConfigurationPlatforms) = postSolution
		{A6661E37-2303-470A-954F-A56303786FEA}.Debug|Any CPU.ActiveCfg = Debug|Any CPU
		{A6661E37-2303-470A-954F-A56303786FEA}.Debug|Any CPU.Build.0 = Debug|Any CPU
		{A6661E37-2303-470A-954F-A56303786FEA}.Release|Any CPU.ActiveCfg = Release|Any CPU
		{A6661E37-2303-470A-954F-A56303786FEA}.Release|Any CPU.Build.0 = Release|Any CPU
	EndGlobalSection
	GlobalSection(SolutionProperties) = preSolution
		HideSolutionNode = FALSE
	EndGlobalSection
	GlobalSection(ExtensibilityGlobals) = postSolution
		SolutionGuid = {601AC518-14F8-4A0A-9DCE-4576408B90A8}
	EndGlobalSection
EndGlobal
